// !$*UTF8*$!
{
	archiveVersion = 1;
	classes = {
	};
	objectVersion = 56;
	objects = {

/* Begin PBXBuildFile section */
		3100D63029F3AD940066515B /* SwiftSoup in Frameworks */ = {isa = PBXBuildFile; productRef = 3100D62F29F3AD940066515B /* SwiftSoup */; };
		313BB9802A42ABAC00B3B545 /* FapelloModel.swift in Sources */ = {isa = PBXBuildFile; fileRef = 313BB97F2A42ABAC00B3B545 /* FapelloModel.swift */; };
		314C9E782A465408008ED5D7 /* FapelloImage.swift in Sources */ = {isa = PBXBuildFile; fileRef = 314C9E772A465408008ED5D7 /* FapelloImage.swift */; };
		3177A4322A425EE70083BC51 /* SDWebImageSwiftUI in Frameworks */ = {isa = PBXBuildFile; productRef = 3177A4312A425EE70083BC51 /* SDWebImageSwiftUI */; };
		317F941E2A523AD00053BDF3 /* PostView.swift in Sources */ = {isa = PBXBuildFile; fileRef = 317F941D2A523AD00053BDF3 /* PostView.swift */; };
		317F94202A523AE50053BDF3 /* CreatorView.swift in Sources */ = {isa = PBXBuildFile; fileRef = 317F941F2A523AE50053BDF3 /* CreatorView.swift */; };
		31D6CCEE2A4917B0009441A7 /* CoomerSearch.swift in Sources */ = {isa = PBXBuildFile; fileRef = 31D6CCED2A4917B0009441A7 /* CoomerSearch.swift */; };
		31D6CCF12A4A89F2009441A7 /* SION.swift in Sources */ = {isa = PBXBuildFile; fileRef = 31D6CCF02A4A89F2009441A7 /* SION.swift */; };
		31D6CCF62A4B63CD009441A7 /* KemonoSearch.swift in Sources */ = {isa = PBXBuildFile; fileRef = 31D6CCF52A4B63CD009441A7 /* KemonoSearch.swift */; };
		31D6CCFB2A4BC4E3009441A7 /* PartyBackend.swift in Sources */ = {isa = PBXBuildFile; fileRef = 31D6CCFA2A4BC4E3009441A7 /* PartyBackend.swift */; };
		31DEC38B29EA4BBC00B12906 /* iFapApp.swift in Sources */ = {isa = PBXBuildFile; fileRef = 31DEC38A29EA4BBC00B12906 /* iFapApp.swift */; };
		31DEC38D29EA4BBC00B12906 /* ContentView.swift in Sources */ = {isa = PBXBuildFile; fileRef = 31DEC38C29EA4BBC00B12906 /* ContentView.swift */; };
		31DEC38F29EA4BBD00B12906 /* Assets.xcassets in Resources */ = {isa = PBXBuildFile; fileRef = 31DEC38E29EA4BBD00B12906 /* Assets.xcassets */; };
		31DEC39229EA4BBD00B12906 /* Preview Assets.xcassets in Resources */ = {isa = PBXBuildFile; fileRef = 31DEC39129EA4BBD00B12906 /* Preview Assets.xcassets */; };
		31DEC39929EB23DA00B12906 /* Home.swift in Sources */ = {isa = PBXBuildFile; fileRef = 31DEC39829EB23DA00B12906 /* Home.swift */; };
		31DEC39B29EB3E5300B12906 /* OnlyFans.swift in Sources */ = {isa = PBXBuildFile; fileRef = 31DEC39A29EB3E5300B12906 /* OnlyFans.swift */; };
		31DEC39E29EB4CCA00B12906 /* WebViewModel.swift in Sources */ = {isa = PBXBuildFile; fileRef = 31DEC39D29EB4CCA00B12906 /* WebViewModel.swift */; };
		31DEC3A029EB4D0000B12906 /* Fansly.swift in Sources */ = {isa = PBXBuildFile; fileRef = 31DEC39F29EB4D0000B12906 /* Fansly.swift */; };
		31DEC3A229EB75D100B12906 /* FapelloSearch.swift in Sources */ = {isa = PBXBuildFile; fileRef = 31DEC3A129EB75D100B12906 /* FapelloSearch.swift */; };
		31DEC3A429EB75D900B12906 /* PornHub.swift in Sources */ = {isa = PBXBuildFile; fileRef = 31DEC3A329EB75D800B12906 /* PornHub.swift */; };
/* End PBXBuildFile section */

/* Begin PBXFileReference section */
		313BB97F2A42ABAC00B3B545 /* FapelloModel.swift */ = {isa = PBXFileReference; lastKnownFileType = sourcecode.swift; path = FapelloModel.swift; sourceTree = "<group>"; };
		314C9E772A465408008ED5D7 /* FapelloImage.swift */ = {isa = PBXFileReference; lastKnownFileType = sourcecode.swift; path = FapelloImage.swift; sourceTree = "<group>"; };
		317F941D2A523AD00053BDF3 /* PostView.swift */ = {isa = PBXFileReference; lastKnownFileType = sourcecode.swift; path = PostView.swift; sourceTree = "<group>"; };
		317F941F2A523AE50053BDF3 /* CreatorView.swift */ = {isa = PBXFileReference; lastKnownFileType = sourcecode.swift; path = CreatorView.swift; sourceTree = "<group>"; };
		31D6CCED2A4917B0009441A7 /* CoomerSearch.swift */ = {isa = PBXFileReference; lastKnownFileType = sourcecode.swift; path = CoomerSearch.swift; sourceTree = "<group>"; };
		31D6CCF02A4A89F2009441A7 /* SION.swift */ = {isa = PBXFileReference; lastKnownFileType = sourcecode.swift; path = SION.swift; sourceTree = "<group>"; };
		31D6CCF52A4B63CD009441A7 /* KemonoSearch.swift */ = {isa = PBXFileReference; lastKnownFileType = sourcecode.swift; path = KemonoSearch.swift; sourceTree = "<group>"; };
		31D6CCFA2A4BC4E3009441A7 /* PartyBackend.swift */ = {isa = PBXFileReference; lastKnownFileType = sourcecode.swift; path = PartyBackend.swift; sourceTree = "<group>"; };
		31D785262A47A2A400A79333 /* iFap.entitlements */ = {isa = PBXFileReference; lastKnownFileType = text.plist.entitlements; path = iFap.entitlements; sourceTree = "<group>"; };
		31DEC38729EA4BBC00B12906 /* iFap.app */ = {isa = PBXFileReference; explicitFileType = wrapper.application; includeInIndex = 0; path = iFap.app; sourceTree = BUILT_PRODUCTS_DIR; };
		31DEC38A29EA4BBC00B12906 /* iFapApp.swift */ = {isa = PBXFileReference; lastKnownFileType = sourcecode.swift; path = iFapApp.swift; sourceTree = "<group>"; };
		31DEC38C29EA4BBC00B12906 /* ContentView.swift */ = {isa = PBXFileReference; lastKnownFileType = sourcecode.swift; path = ContentView.swift; sourceTree = "<group>"; };
		31DEC38E29EA4BBD00B12906 /* Assets.xcassets */ = {isa = PBXFileReference; lastKnownFileType = folder.assetcatalog; path = Assets.xcassets; sourceTree = "<group>"; };
		31DEC39129EA4BBD00B12906 /* Preview Assets.xcassets */ = {isa = PBXFileReference; lastKnownFileType = folder.assetcatalog; path = "Preview Assets.xcassets"; sourceTree = "<group>"; };
		31DEC39829EB23DA00B12906 /* Home.swift */ = {isa = PBXFileReference; lastKnownFileType = sourcecode.swift; path = Home.swift; sourceTree = "<group>"; };
		31DEC39A29EB3E5300B12906 /* OnlyFans.swift */ = {isa = PBXFileReference; lastKnownFileType = sourcecode.swift; path = OnlyFans.swift; sourceTree = "<group>"; };
		31DEC39C29EB3F0600B12906 /* Info.plist */ = {isa = PBXFileReference; lastKnownFileType = text.plist; path = Info.plist; sourceTree = "<group>"; };
		31DEC39D29EB4CCA00B12906 /* WebViewModel.swift */ = {isa = PBXFileReference; lastKnownFileType = sourcecode.swift; path = WebViewModel.swift; sourceTree = "<group>"; };
		31DEC39F29EB4D0000B12906 /* Fansly.swift */ = {isa = PBXFileReference; lastKnownFileType = sourcecode.swift; path = Fansly.swift; sourceTree = "<group>"; };
		31DEC3A129EB75D100B12906 /* FapelloSearch.swift */ = {isa = PBXFileReference; lastKnownFileType = sourcecode.swift; path = FapelloSearch.swift; sourceTree = "<group>"; wrapsLines = 0; };
		31DEC3A329EB75D800B12906 /* PornHub.swift */ = {isa = PBXFileReference; lastKnownFileType = sourcecode.swift; path = PornHub.swift; sourceTree = "<group>"; };
/* End PBXFileReference section */

/* Begin PBXFrameworksBuildPhase section */
		31DEC38429EA4BBC00B12906 /* Frameworks */ = {
			isa = PBXFrameworksBuildPhase;
			buildActionMask = 2147483647;
			files = (
				3177A4322A425EE70083BC51 /* SDWebImageSwiftUI in Frameworks */,
				3100D63029F3AD940066515B /* SwiftSoup in Frameworks */,
			);
			runOnlyForDeploymentPostprocessing = 0;
		};
/* End PBXFrameworksBuildPhase section */

/* Begin PBXGroup section */
		313BB97C2A42A99900B3B545 /* Fapello */ = {
			isa = PBXGroup;
			children = (
				31DEC3A129EB75D100B12906 /* FapelloSearch.swift */,
				314C9E772A465408008ED5D7 /* FapelloImage.swift */,
				313BB97F2A42ABAC00B3B545 /* FapelloModel.swift */,
			);
			path = Fapello;
			sourceTree = "<group>";
		};
		31D6CCEF2A4A89DC009441A7 /* Backend */ = {
			isa = PBXGroup;
			children = (
				31DEC39D29EB4CCA00B12906 /* WebViewModel.swift */,
				31D6CCF02A4A89F2009441A7 /* SION.swift */,
			);
			path = Backend;
			sourceTree = "<group>";
		};
		31D6CCF92A4BC43C009441A7 /* Party */ = {
			isa = PBXGroup;
			children = (
				31D6CCFA2A4BC4E3009441A7 /* PartyBackend.swift */,
				317F941D2A523AD00053BDF3 /* PostView.swift */,
				317F941F2A523AE50053BDF3 /* CreatorView.swift */,
				31D6CCF52A4B63CD009441A7 /* KemonoSearch.swift */,
				31D6CCED2A4917B0009441A7 /* CoomerSearch.swift */,
			);
			path = Party;
			sourceTree = "<group>";
		};
		31D6CCFC2A4BC596009441A7 /* WebViews */ = {
			isa = PBXGroup;
			children = (
				31DEC39A29EB3E5300B12906 /* OnlyFans.swift */,
				31DEC39F29EB4D0000B12906 /* Fansly.swift */,
				31DEC3A329EB75D800B12906 /* PornHub.swift */,
			);
			path = WebViews;
			sourceTree = "<group>";
		};
		31DEC37E29EA4BBC00B12906 = {
			isa = PBXGroup;
			children = (
				31DEC38929EA4BBC00B12906 /* iFap */,
				31DEC38829EA4BBC00B12906 /* Products */,
			);
			sourceTree = "<group>";
		};
		31DEC38829EA4BBC00B12906 /* Products */ = {
			isa = PBXGroup;
			children = (
				31DEC38729EA4BBC00B12906 /* iFap.app */,
			);
			name = Products;
			sourceTree = "<group>";
		};
		31DEC38929EA4BBC00B12906 /* iFap */ = {
			isa = PBXGroup;
			children = (
				31D785262A47A2A400A79333 /* iFap.entitlements */,
				31DEC39C29EB3F0600B12906 /* Info.plist */,
				31DEC38C29EA4BBC00B12906 /* ContentView.swift */,
				31DEC38A29EA4BBC00B12906 /* iFapApp.swift */,
				31DEC39829EB23DA00B12906 /* Home.swift */,
				31D6CCEF2A4A89DC009441A7 /* Backend */,
				313BB97C2A42A99900B3B545 /* Fapello */,
				31D6CCF92A4BC43C009441A7 /* Party */,
				31D6CCFC2A4BC596009441A7 /* WebViews */,
				31DEC38E29EA4BBD00B12906 /* Assets.xcassets */,
				31DEC39029EA4BBD00B12906 /* Preview Content */,
			);
			path = iFap;
			sourceTree = "<group>";
		};
		31DEC39029EA4BBD00B12906 /* Preview Content */ = {
			isa = PBXGroup;
			children = (
				31DEC39129EA4BBD00B12906 /* Preview Assets.xcassets */,
			);
			path = "Preview Content";
			sourceTree = "<group>";
		};
/* End PBXGroup section */

/* Begin PBXNativeTarget section */
		31DEC38629EA4BBC00B12906 /* iFap */ = {
			isa = PBXNativeTarget;
			buildConfigurationList = 31DEC39529EA4BBD00B12906 /* Build configuration list for PBXNativeTarget "iFap" */;
			buildPhases = (
				31DEC38329EA4BBC00B12906 /* Sources */,
				31DEC38429EA4BBC00B12906 /* Frameworks */,
				31DEC38529EA4BBC00B12906 /* Resources */,
			);
			buildRules = (
			);
			dependencies = (
			);
			name = iFap;
			packageProductDependencies = (
				3100D62F29F3AD940066515B /* SwiftSoup */,
				3177A4312A425EE70083BC51 /* SDWebImageSwiftUI */,
			);
			productName = iFap;
			productReference = 31DEC38729EA4BBC00B12906 /* iFap.app */;
			productType = "com.apple.product-type.application";
		};
/* End PBXNativeTarget section */

/* Begin PBXProject section */
		31DEC37F29EA4BBC00B12906 /* Project object */ = {
			isa = PBXProject;
			attributes = {
				BuildIndependentTargetsInParallel = 1;
				LastSwiftUpdateCheck = 1410;
				LastUpgradeCheck = 1410;
				TargetAttributes = {
					31DEC38629EA4BBC00B12906 = {
						CreatedOnToolsVersion = 14.1;
					};
				};
			};
			buildConfigurationList = 31DEC38229EA4BBC00B12906 /* Build configuration list for PBXProject "iFap" */;
			compatibilityVersion = "Xcode 14.0";
			developmentRegion = en;
			hasScannedForEncodings = 0;
			knownRegions = (
				en,
				Base,
			);
			mainGroup = 31DEC37E29EA4BBC00B12906;
			packageReferences = (
				3100D62E29F3AD940066515B /* XCRemoteSwiftPackageReference "SwiftSoup" */,
				3177A4302A425EE70083BC51 /* XCRemoteSwiftPackageReference "SDWebImageSwiftUI" */,
			);
			productRefGroup = 31DEC38829EA4BBC00B12906 /* Products */;
			projectDirPath = "";
			projectRoot = "";
			targets = (
				31DEC38629EA4BBC00B12906 /* iFap */,
			);
		};
/* End PBXProject section */

/* Begin PBXResourcesBuildPhase section */
		31DEC38529EA4BBC00B12906 /* Resources */ = {
			isa = PBXResourcesBuildPhase;
			buildActionMask = 2147483647;
			files = (
				31DEC39229EA4BBD00B12906 /* Preview Assets.xcassets in Resources */,
				31DEC38F29EA4BBD00B12906 /* Assets.xcassets in Resources */,
			);
			runOnlyForDeploymentPostprocessing = 0;
		};
/* End PBXResourcesBuildPhase section */

/* Begin PBXSourcesBuildPhase section */
		31DEC38329EA4BBC00B12906 /* Sources */ = {
			isa = PBXSourcesBuildPhase;
			buildActionMask = 2147483647;
			files = (
				31DEC38D29EA4BBC00B12906 /* ContentView.swift in Sources */,
				31DEC39929EB23DA00B12906 /* Home.swift in Sources */,
				31D6CCF12A4A89F2009441A7 /* SION.swift in Sources */,
				31DEC38B29EA4BBC00B12906 /* iFapApp.swift in Sources */,
				317F94202A523AE50053BDF3 /* CreatorView.swift in Sources */,
				31D6CCFB2A4BC4E3009441A7 /* PartyBackend.swift in Sources */,
				31DEC39E29EB4CCA00B12906 /* WebViewModel.swift in Sources */,
				31DEC3A029EB4D0000B12906 /* Fansly.swift in Sources */,
				31DEC3A229EB75D100B12906 /* FapelloSearch.swift in Sources */,
				317F941E2A523AD00053BDF3 /* PostView.swift in Sources */,
				31D6CCF62A4B63CD009441A7 /* KemonoSearch.swift in Sources */,
				313BB9802A42ABAC00B3B545 /* FapelloModel.swift in Sources */,
				31DEC3A429EB75D900B12906 /* PornHub.swift in Sources */,
				31DEC39B29EB3E5300B12906 /* OnlyFans.swift in Sources */,
				31D6CCEE2A4917B0009441A7 /* CoomerSearch.swift in Sources */,
				314C9E782A465408008ED5D7 /* FapelloImage.swift in Sources */,
			);
			runOnlyForDeploymentPostprocessing = 0;
		};
/* End PBXSourcesBuildPhase section */

/* Begin XCBuildConfiguration section */
		31DEC39329EA4BBD00B12906 /* Debug */ = {
			isa = XCBuildConfiguration;
			buildSettings = {
				ALWAYS_SEARCH_USER_PATHS = NO;
				CLANG_ANALYZER_NONNULL = YES;
				CLANG_ANALYZER_NUMBER_OBJECT_CONVERSION = YES_AGGRESSIVE;
				CLANG_CXX_LANGUAGE_STANDARD = "gnu++20";
				CLANG_ENABLE_MODULES = YES;
				CLANG_ENABLE_OBJC_ARC = YES;
				CLANG_ENABLE_OBJC_WEAK = YES;
				CLANG_WARN_BLOCK_CAPTURE_AUTORELEASING = YES;
				CLANG_WARN_BOOL_CONVERSION = YES;
				CLANG_WARN_COMMA = YES;
				CLANG_WARN_CONSTANT_CONVERSION = YES;
				CLANG_WARN_DEPRECATED_OBJC_IMPLEMENTATIONS = YES;
				CLANG_WARN_DIRECT_OBJC_ISA_USAGE = YES_ERROR;
				CLANG_WARN_DOCUMENTATION_COMMENTS = YES;
				CLANG_WARN_EMPTY_BODY = YES;
				CLANG_WARN_ENUM_CONVERSION = YES;
				CLANG_WARN_INFINITE_RECURSION = YES;
				CLANG_WARN_INT_CONVERSION = YES;
				CLANG_WARN_NON_LITERAL_NULL_CONVERSION = YES;
				CLANG_WARN_OBJC_IMPLICIT_RETAIN_SELF = YES;
				CLANG_WARN_OBJC_LITERAL_CONVERSION = YES;
				CLANG_WARN_OBJC_ROOT_CLASS = YES_ERROR;
				CLANG_WARN_QUOTED_INCLUDE_IN_FRAMEWORK_HEADER = YES;
				CLANG_WARN_RANGE_LOOP_ANALYSIS = YES;
				CLANG_WARN_STRICT_PROTOTYPES = YES;
				CLANG_WARN_SUSPICIOUS_MOVE = YES;
				CLANG_WARN_UNGUARDED_AVAILABILITY = YES_AGGRESSIVE;
				CLANG_WARN_UNREACHABLE_CODE = YES;
				CLANG_WARN__DUPLICATE_METHOD_MATCH = YES;
				COPY_PHASE_STRIP = NO;
				DEBUG_INFORMATION_FORMAT = dwarf;
				ENABLE_STRICT_OBJC_MSGSEND = YES;
				ENABLE_TESTABILITY = YES;
				GCC_C_LANGUAGE_STANDARD = gnu11;
				GCC_DYNAMIC_NO_PIC = NO;
				GCC_NO_COMMON_BLOCKS = YES;
				GCC_OPTIMIZATION_LEVEL = 0;
				GCC_PREPROCESSOR_DEFINITIONS = (
					"DEBUG=1",
					"$(inherited)",
				);
				GCC_WARN_64_TO_32_BIT_CONVERSION = YES;
				GCC_WARN_ABOUT_RETURN_TYPE = YES_ERROR;
				GCC_WARN_UNDECLARED_SELECTOR = YES;
				GCC_WARN_UNINITIALIZED_AUTOS = YES_AGGRESSIVE;
				GCC_WARN_UNUSED_FUNCTION = YES;
				GCC_WARN_UNUSED_VARIABLE = YES;
				IPHONEOS_DEPLOYMENT_TARGET = 16.1;
				MTL_ENABLE_DEBUG_INFO = INCLUDE_SOURCE;
				MTL_FAST_MATH = YES;
				ONLY_ACTIVE_ARCH = YES;
				SDKROOT = iphoneos;
				SWIFT_ACTIVE_COMPILATION_CONDITIONS = DEBUG;
				SWIFT_OPTIMIZATION_LEVEL = "-Onone";
			};
			name = Debug;
		};
		31DEC39429EA4BBD00B12906 /* Release */ = {
			isa = XCBuildConfiguration;
			buildSettings = {
				ALWAYS_SEARCH_USER_PATHS = NO;
				CLANG_ANALYZER_NONNULL = YES;
				CLANG_ANALYZER_NUMBER_OBJECT_CONVERSION = YES_AGGRESSIVE;
				CLANG_CXX_LANGUAGE_STANDARD = "gnu++20";
				CLANG_ENABLE_MODULES = YES;
				CLANG_ENABLE_OBJC_ARC = YES;
				CLANG_ENABLE_OBJC_WEAK = YES;
				CLANG_WARN_BLOCK_CAPTURE_AUTORELEASING = YES;
				CLANG_WARN_BOOL_CONVERSION = YES;
				CLANG_WARN_COMMA = YES;
				CLANG_WARN_CONSTANT_CONVERSION = YES;
				CLANG_WARN_DEPRECATED_OBJC_IMPLEMENTATIONS = YES;
				CLANG_WARN_DIRECT_OBJC_ISA_USAGE = YES_ERROR;
				CLANG_WARN_DOCUMENTATION_COMMENTS = YES;
				CLANG_WARN_EMPTY_BODY = YES;
				CLANG_WARN_ENUM_CONVERSION = YES;
				CLANG_WARN_INFINITE_RECURSION = YES;
				CLANG_WARN_INT_CONVERSION = YES;
				CLANG_WARN_NON_LITERAL_NULL_CONVERSION = YES;
				CLANG_WARN_OBJC_IMPLICIT_RETAIN_SELF = YES;
				CLANG_WARN_OBJC_LITERAL_CONVERSION = YES;
				CLANG_WARN_OBJC_ROOT_CLASS = YES_ERROR;
				CLANG_WARN_QUOTED_INCLUDE_IN_FRAMEWORK_HEADER = YES;
				CLANG_WARN_RANGE_LOOP_ANALYSIS = YES;
				CLANG_WARN_STRICT_PROTOTYPES = YES;
				CLANG_WARN_SUSPICIOUS_MOVE = YES;
				CLANG_WARN_UNGUARDED_AVAILABILITY = YES_AGGRESSIVE;
				CLANG_WARN_UNREACHABLE_CODE = YES;
				CLANG_WARN__DUPLICATE_METHOD_MATCH = YES;
				COPY_PHASE_STRIP = NO;
				DEBUG_INFORMATION_FORMAT = "dwarf-with-dsym";
				ENABLE_NS_ASSERTIONS = NO;
				ENABLE_STRICT_OBJC_MSGSEND = YES;
				GCC_C_LANGUAGE_STANDARD = gnu11;
				GCC_NO_COMMON_BLOCKS = YES;
				GCC_WARN_64_TO_32_BIT_CONVERSION = YES;
				GCC_WARN_ABOUT_RETURN_TYPE = YES_ERROR;
				GCC_WARN_UNDECLARED_SELECTOR = YES;
				GCC_WARN_UNINITIALIZED_AUTOS = YES_AGGRESSIVE;
				GCC_WARN_UNUSED_FUNCTION = YES;
				GCC_WARN_UNUSED_VARIABLE = YES;
				IPHONEOS_DEPLOYMENT_TARGET = 16.1;
				MTL_ENABLE_DEBUG_INFO = NO;
				MTL_FAST_MATH = YES;
				SDKROOT = iphoneos;
				SWIFT_COMPILATION_MODE = wholemodule;
				SWIFT_OPTIMIZATION_LEVEL = "-O";
				VALIDATE_PRODUCT = YES;
			};
			name = Release;
		};
		31DEC39629EA4BBD00B12906 /* Debug */ = {
			isa = XCBuildConfiguration;
			buildSettings = {
				ASSETCATALOG_COMPILER_APPICON_NAME = AppIcon;
				ASSETCATALOG_COMPILER_GLOBAL_ACCENT_COLOR_NAME = AccentColor;
				CODE_SIGN_ENTITLEMENTS = iFap/iFap.entitlements;
				CODE_SIGN_STYLE = Automatic;
				CURRENT_PROJECT_VERSION = 1;
				DEVELOPMENT_ASSET_PATHS = "\"iFap/Preview Content\"";
				DEVELOPMENT_TEAM = 22ZSGQ34CZ;
				ENABLE_PREVIEWS = YES;
				GENERATE_INFOPLIST_FILE = YES;
				INFOPLIST_FILE = iFap/Info.plist;
				INFOPLIST_KEY_LSApplicationCategoryType = "public.app-category.entertainment";
				INFOPLIST_KEY_UIApplicationSceneManifest_Generation = YES;
				INFOPLIST_KEY_UIApplicationSupportsIndirectInputEvents = YES;
				INFOPLIST_KEY_UILaunchScreen_Generation = YES;
				INFOPLIST_KEY_UIRequiresFullScreen = YES;
				INFOPLIST_KEY_UISupportedInterfaceOrientations = UIInterfaceOrientationPortrait;
				IPHONEOS_DEPLOYMENT_TARGET = 14.0;
				LD_RUNPATH_SEARCH_PATHS = (
					"$(inherited)",
					"@executable_path/Frameworks",
				);
				MARKETING_VERSION = 1.0.2;
				PRODUCT_BUNDLE_IDENTIFIER = one.keycap.iFap;
				PRODUCT_NAME = "$(TARGET_NAME)";
				SWIFT_EMIT_LOC_STRINGS = YES;
				SWIFT_VERSION = 5.0;
				TARGETED_DEVICE_FAMILY = "1,2";
			};
			name = Debug;
		};
		31DEC39729EA4BBD00B12906 /* Release */ = {
			isa = XCBuildConfiguration;
			buildSettings = {
				ASSETCATALOG_COMPILER_APPICON_NAME = AppIcon;
				ASSETCATALOG_COMPILER_GLOBAL_ACCENT_COLOR_NAME = AccentColor;
				CODE_SIGN_ENTITLEMENTS = iFap/iFap.entitlements;
				CODE_SIGN_STYLE = Automatic;
				CURRENT_PROJECT_VERSION = 1;
				DEVELOPMENT_ASSET_PATHS = "\"iFap/Preview Content\"";
				DEVELOPMENT_TEAM = 22ZSGQ34CZ;
				ENABLE_PREVIEWS = YES;
				GENERATE_INFOPLIST_FILE = YES;
				INFOPLIST_FILE = iFap/Info.plist;
				INFOPLIST_KEY_LSApplicationCategoryType = "public.app-category.entertainment";
				INFOPLIST_KEY_UIApplicationSceneManifest_Generation = YES;
				INFOPLIST_KEY_UIApplicationSupportsIndirectInputEvents = YES;
				INFOPLIST_KEY_UILaunchScreen_Generation = YES;
				INFOPLIST_KEY_UIRequiresFullScreen = YES;
				INFOPLIST_KEY_UISupportedInterfaceOrientations = UIInterfaceOrientationPortrait;
				IPHONEOS_DEPLOYMENT_TARGET = 14.0;
				LD_RUNPATH_SEARCH_PATHS = (
					"$(inherited)",
					"@executable_path/Frameworks",
				);
				MARKETING_VERSION = 1.0.2;
				PRODUCT_BUNDLE_IDENTIFIER = one.keycap.iFap;
				PRODUCT_NAME = "$(TARGET_NAME)";
				SWIFT_EMIT_LOC_STRINGS = YES;
				SWIFT_VERSION = 5.0;
				TARGETED_DEVICE_FAMILY = "1,2";
			};
			name = Release;
		};
/* End XCBuildConfiguration section */

/* Begin XCConfigurationList section */
		31DEC38229EA4BBC00B12906 /* Build configuration list for PBXProject "iFap" */ = {
			isa = XCConfigurationList;
			buildConfigurations = (
				31DEC39329EA4BBD00B12906 /* Debug */,
				31DEC39429EA4BBD00B12906 /* Release */,
			);
			defaultConfigurationIsVisible = 0;
			defaultConfigurationName = Release;
		};
		31DEC39529EA4BBD00B12906 /* Build configuration list for PBXNativeTarget "iFap" */ = {
			isa = XCConfigurationList;
			buildConfigurations = (
				31DEC39629EA4BBD00B12906 /* Debug */,
				31DEC39729EA4BBD00B12906 /* Release */,
			);
			defaultConfigurationIsVisible = 0;
			defaultConfigurationName = Release;
		};
/* End XCConfigurationList section */

/* Begin XCRemoteSwiftPackageReference section */
		3100D62E29F3AD940066515B /* XCRemoteSwiftPackageReference "SwiftSoup" */ = {
			isa = XCRemoteSwiftPackageReference;
			repositoryURL = "https://github.com/scinfu/SwiftSoup.git";
			requirement = {
				kind = upToNextMajorVersion;
				minimumVersion = 2.5.3;
			};
		};
		3177A4302A425EE70083BC51 /* XCRemoteSwiftPackageReference "SDWebImageSwiftUI" */ = {
			isa = XCRemoteSwiftPackageReference;
			repositoryURL = "https://github.com/SDWebImage/SDWebImageSwiftUI.git";
			requirement = {
				kind = versionRange;
				maximumVersion = 3.0.0;
				minimumVersion = 2.0.0;
			};
		};
/* End XCRemoteSwiftPackageReference section */

/* Begin XCSwiftPackageProductDependency section */
		3100D62F29F3AD940066515B /* SwiftSoup */ = {
			isa = XCSwiftPackageProductDependency;
			package = 3100D62E29F3AD940066515B /* XCRemoteSwiftPackageReference "SwiftSoup" */;
			productName = SwiftSoup;
		};
		3177A4312A425EE70083BC51 /* SDWebImageSwiftUI */ = {
			isa = XCSwiftPackageProductDependency;
			package = 3177A4302A425EE70083BC51 /* XCRemoteSwiftPackageReference "SDWebImageSwiftUI" */;
			productName = SDWebImageSwiftUI;
		};
/* End XCSwiftPackageProductDependency section */
	};
	rootObject = 31DEC37F29EA4BBC00B12906 /* Project object */;
}
